// !$*UTF8*$!
{
	archiveVersion = 1;
	classes = {
	};
	objectVersion = 50;
	objects = {

/* Begin PBXBuildFile section */
		AFE9CDDC2197C85700E20FA1 /* AppDelegate.swift in Sources */ = {isa = PBXBuildFile; fileRef = AFE9CDDB2197C85700E20FA1 /* AppDelegate.swift */; };
		AFE9CDDE2197C85700E20FA1 /* ViewController.swift in Sources */ = {isa = PBXBuildFile; fileRef = AFE9CDDD2197C85700E20FA1 /* ViewController.swift */; };
		AFE9CDE12197C85700E20FA1 /* Main.storyboard in Resources */ = {isa = PBXBuildFile; fileRef = AFE9CDDF2197C85700E20FA1 /* Main.storyboard */; };
		AFE9CDE32197C85700E20FA1 /* Assets.xcassets in Resources */ = {isa = PBXBuildFile; fileRef = AFE9CDE22197C85700E20FA1 /* Assets.xcassets */; };
		AFE9CDE62197C85700E20FA1 /* LaunchScreen.storyboard in Resources */ = {isa = PBXBuildFile; fileRef = AFE9CDE42197C85700E20FA1 /* LaunchScreen.storyboard */; };
		AFE9CDEE2197CB6E00E20FA1 /* Inceptionv3.mlmodel in Sources */ = {isa = PBXBuildFile; fileRef = AFE9CDED2197CB6E00E20FA1 /* Inceptionv3.mlmodel */; };
/* End PBXBuildFile section */

/* Begin PBXFileReference section */
		AFE9CDD82197C85700E20FA1 /* HelloVision.app */ = {isa = PBXFileReference; explicitFileType = wrapper.application; includeInIndex = 0; path = HelloVision.app; sourceTree = BUILT_PRODUCTS_DIR; };
		AFE9CDDB2197C85700E20FA1 /* AppDelegate.swift */ = {isa = PBXFileReference; lastKnownFileType = sourcecode.swift; path = AppDelegate.swift; sourceTree = "<group>"; };
		AFE9CDDD2197C85700E20FA1 /* ViewController.swift */ = {isa = PBXFileReference; lastKnownFileType = sourcecode.swift; path = ViewController.swift; sourceTree = "<group>"; };
		AFE9CDE02197C85700E20FA1 /* Base */ = {isa = PBXFileReference; lastKnownFileType = file.storyboard; name = Base; path = Base.lproj/Main.storyboard; sourceTree = "<group>"; };
		AFE9CDE22197C85700E20FA1 /* Assets.xcassets */ = {isa = PBXFileReference; lastKnownFileType = folder.assetcatalog; path = Assets.xcassets; sourceTree = "<group>"; };
		AFE9CDE52197C85700E20FA1 /* Base */ = {isa = PBXFileReference; lastKnownFileType = file.storyboard; name = Base; path = Base.lproj/LaunchScreen.storyboard; sourceTree = "<group>"; };
		AFE9CDE72197C85700E20FA1 /* Info.plist */ = {isa = PBXFileReference; lastKnownFileType = text.plist.xml; path = Info.plist; sourceTree = "<group>"; };
		AFE9CDED2197CB6E00E20FA1 /* Inceptionv3.mlmodel */ = {isa = PBXFileReference; lastKnownFileType = file.mlmodel; path = Inceptionv3.mlmodel; sourceTree = "<group>"; };
/* End PBXFileReference section */

/* Begin PBXFrameworksBuildPhase section */
		AFE9CDD52197C85700E20FA1 /* Frameworks */ = {
			isa = PBXFrameworksBuildPhase;
			buildActionMask = 2147483647;
			files = (
			);
			runOnlyForDeploymentPostprocessing = 0;
		};
/* End PBXFrameworksBuildPhase section */

/* Begin PBXGroup section */
		AFE9CDCF2197C85700E20FA1 = {
			isa = PBXGroup;
			children = (
				AFE9CDDA2197C85700E20FA1 /* HelloVision */,
				AFE9CDD92197C85700E20FA1 /* Products */,
			);
			sourceTree = "<group>";
		};
		AFE9CDD92197C85700E20FA1 /* Products */ = {
			isa = PBXGroup;
			children = (
				AFE9CDD82197C85700E20FA1 /* HelloVision.app */,
			);
			name = Products;
			sourceTree = "<group>";
		};
		AFE9CDDA2197C85700E20FA1 /* HelloVision */ = {
			isa = PBXGroup;
			children = (
				AFE9CDED2197CB6E00E20FA1 /* Inceptionv3.mlmodel */,
				AFE9CDDB2197C85700E20FA1 /* AppDelegate.swift */,
				AFE9CDDD2197C85700E20FA1 /* ViewController.swift */,
				AFE9CDDF2197C85700E20FA1 /* Main.storyboard */,
				AFE9CDE22197C85700E20FA1 /* Assets.xcassets */,
				AFE9CDE42197C85700E20FA1 /* LaunchScreen.storyboard */,
				AFE9CDE72197C85700E20FA1 /* Info.plist */,
			);
			path = HelloVision;
			sourceTree = "<group>";
		};
/* End PBXGroup section */

/* Begin PBXNativeTarget section */
		AFE9CDD72197C85700E20FA1 /* HelloVision */ = {
			isa = PBXNativeTarget;
			buildConfigurationList = AFE9CDEA2197C85700E20FA1 /* Build configuration list for PBXNativeTarget "HelloVision" */;
			buildPhases = (
				AFE9CDD42197C85700E20FA1 /* Sources */,
				AFE9CDD52197C85700E20FA1 /* Frameworks */,
				AFE9CDD62197C85700E20FA1 /* Resources */,
			);
			buildRules = (
			);
			dependencies = (
			);
			name = HelloVision;
			productName = HelloVision;
			productReference = AFE9CDD82197C85700E20FA1 /* HelloVision.app */;
			productType = "com.apple.product-type.application";
		};
/* End PBXNativeTarget section */

/* Begin PBXProject section */
		AFE9CDD02197C85700E20FA1 /* Project object */ = {
			isa = PBXProject;
			attributes = {
				LastSwiftUpdateCheck = 1010;
				LastUpgradeCheck = 1010;
				ORGANIZATIONNAME = ml;
				TargetAttributes = {
					AFE9CDD72197C85700E20FA1 = {
						CreatedOnToolsVersion = 10.1;
					};
				};
			};
			buildConfigurationList = AFE9CDD32197C85700E20FA1 /* Build configuration list for PBXProject "HelloVision" */;
			compatibilityVersion = "Xcode 9.3";
			developmentRegion = en;
			hasScannedForEncodings = 0;
			knownRegions = (
				en,
				Base,
			);
			mainGroup = AFE9CDCF2197C85700E20FA1;
			productRefGroup = AFE9CDD92197C85700E20FA1 /* Products */;
			projectDirPath = "";
			projectRoot = "";
			targets = (
				AFE9CDD72197C85700E20FA1 /* HelloVision */,
			);
		};
/* End PBXProject section */

/* Begin PBXResourcesBuildPhase section */
		AFE9CDD62197C85700E20FA1 /* Resources */ = {
			isa = PBXResourcesBuildPhase;
			buildActionMask = 2147483647;
			files = (
				AFE9CDE62197C85700E20FA1 /* LaunchScreen.storyboard in Resources */,
				AFE9CDE32197C85700E20FA1 /* Assets.xcassets in Resources */,
				AFE9CDE12197C85700E20FA1 /* Main.storyboard in Resources */,
			);
			runOnlyForDeploymentPostprocessing = 0;
		};
/* End PBXResourcesBuildPhase section */

/* Begin PBXSourcesBuildPhase section */
		AFE9CDD42197C85700E20FA1 /* Sources */ = {
			isa = PBXSourcesBuildPhase;
			buildActionMask = 2147483647;
			files = (
				AFE9CDDE2197C85700E20FA1 /* ViewController.swift in Sources */,
				AFE9CDEE2197CB6E00E20FA1 /* Inceptionv3.mlmodel in Sources */,
				AFE9CDDC2197C85700E20FA1 /* AppDelegate.swift in Sources */,
			);
			runOnlyForDeploymentPostprocessing = 0;
		};
/* End PBXSourcesBuildPhase section */

/* Begin PBXVariantGroup section */
		AFE9CDDF2197C85700E20FA1 /* Main.storyboard */ = {
			isa = PBXVariantGroup;
			children = (
				AFE9CDE02197C85700E20FA1 /* Base */,
			);
			name = Main.storyboard;
			sourceTree = "<group>";
		};
		AFE9CDE42197C85700E20FA1 /* LaunchScreen.storyboard */ = {
			isa = PBXVariantGroup;
			children = (
				AFE9CDE52197C85700E20FA1 /* Base */,
			);
			name = LaunchScreen.storyboard;
			sourceTree = "<group>";
		};
/* End PBXVariantGroup section */

/* Begin XCBuildConfiguration section */
		AFE9CDE82197C85700E20FA1 /* Debug */ = {
			isa = XCBuildConfiguration;
			buildSettings = {
				ALWAYS_SEARCH_USER_PATHS = NO;
				CLANG_ANALYZER_NONNULL = YES;
				CLANG_ANALYZER_NUMBER_OBJECT_CONVERSION = YES_AGGRESSIVE;
				CLANG_CXX_LANGUAGE_STANDARD = "gnu++14";
				CLANG_CXX_LIBRARY = "libc++";
				CLANG_ENABLE_MODULES = YES;
				CLANG_ENABLE_OBJC_ARC = YES;
				CLANG_ENABLE_OBJC_WEAK = YES;
				CLANG_WARN_BLOCK_CAPTURE_AUTORELEASING = YES;
				CLANG_WARN_BOOL_CONVERSION = YES;
				CLANG_WARN_COMMA = YES;
				CLANG_WARN_CONSTANT_CONVERSION = YES;
				CLANG_WARN_DEPRECATED_OBJC_IMPLEMENTATIONS = YES;
				CLANG_WARN_DIRECT_OBJC_ISA_USAGE = YES_ERROR;
				CLANG_WARN_DOCUMENTATION_COMMENTS = YES;
				CLANG_WARN_EMPTY_BODY = YES;
				CLANG_WARN_ENUM_CONVERSION = YES;
				CLANG_WARN_INFINITE_RECURSION = YES;
				CLANG_WARN_INT_CONVERSION = YES;
				CLANG_WARN_NON_LITERAL_NULL_CONVERSION = YES;
				CLANG_WARN_OBJC_IMPLICIT_RETAIN_SELF = YES;
				CLANG_WARN_OBJC_LITERAL_CONVERSION = YES;
				CLANG_WARN_OBJC_ROOT_CLASS = YES_ERROR;
				CLANG_WARN_RANGE_LOOP_ANALYSIS = YES;
				CLANG_WARN_STRICT_PROTOTYPES = YES;
				CLANG_WARN_SUSPICIOUS_MOVE = YES;
				CLANG_WARN_UNGUARDED_AVAILABILITY = YES_AGGRESSIVE;
				CLANG_WARN_UNREACHABLE_CODE = YES;
				CLANG_WARN__DUPLICATE_METHOD_MATCH = YES;
				CODE_SIGN_IDENTITY = "iPhone Developer";
				COPY_PHASE_STRIP = NO;
				DEBUG_INFORMATION_FORMAT = dwarf;
				ENABLE_STRICT_OBJC_MSGSEND = YES;
				ENABLE_TESTABILITY = YES;
				GCC_C_LANGUAGE_STANDARD = gnu11;
				GCC_DYNAMIC_NO_PIC = NO;
				GCC_NO_COMMON_BLOCKS = YES;
				GCC_OPTIMIZATION_LEVEL = 0;
				GCC_PREPROCESSOR_DEFINITIONS = (
					"DEBUG=1",
					"$(inherited)",
				);
				GCC_WARN_64_TO_32_BIT_CONVERSION = YES;
				GCC_WARN_ABOUT_RETURN_TYPE = YES_ERROR;
				GCC_WARN_UNDECLARED_SELECTOR = YES;
				GCC_WARN_UNINITIALIZED_AUTOS = YES_AGGRESSIVE;
				GCC_WARN_UNUSED_FUNCTION = YES;
				GCC_WARN_UNUSED_VARIABLE = YES;
				IPHONEOS_DEPLOYMENT_TARGET = 12.1;
				MTL_ENABLE_DEBUG_INFO = INCLUDE_SOURCE;
				MTL_FAST_MATH = YES;
				ONLY_ACTIVE_ARCH = YES;
				SDKROOT = iphoneos;
				SWIFT_ACTIVE_COMPILATION_CONDITIONS = DEBUG;
				SWIFT_OPTIMIZATION_LEVEL = "-Onone";
			};
			name = Debug;
		};
		AFE9CDE92197C85700E20FA1 /* Release */ = {
			isa = XCBuildConfiguration;
			buildSettings = {
				ALWAYS_SEARCH_USER_PATHS = NO;
				CLANG_ANALYZER_NONNULL = YES;
				CLANG_ANALYZER_NUMBER_OBJECT_CONVERSION = YES_AGGRESSIVE;
				CLANG_CXX_LANGUAGE_STANDARD = "gnu++14";
				CLANG_CXX_LIBRARY = "libc++";
				CLANG_ENABLE_MODULES = YES;
				CLANG_ENABLE_OBJC_ARC = YES;
				CLANG_ENABLE_OBJC_WEAK = YES;
				CLANG_WARN_BLOCK_CAPTURE_AUTORELEASING = YES;
				CLANG_WARN_BOOL_CONVERSION = YES;
				CLANG_WARN_COMMA = YES;
				CLANG_WARN_CONSTANT_CONVERSION = YES;
				CLANG_WARN_DEPRECATED_OBJC_IMPLEMENTATIONS = YES;
				CLANG_WARN_DIRECT_OBJC_ISA_USAGE = YES_ERROR;
				CLANG_WARN_DOCUMENTATION_COMMENTS = YES;
				CLANG_WARN_EMPTY_BODY = YES;
				CLANG_WARN_ENUM_CONVERSION = YES;
				CLANG_WARN_INFINITE_RECURSION = YES;
				CLANG_WARN_INT_CONVERSION = YES;
				CLANG_WARN_NON_LITERAL_NULL_CONVERSION = YES;
				CLANG_WARN_OBJC_IMPLICIT_RETAIN_SELF = YES;
				CLANG_WARN_OBJC_LITERAL_CONVERSION = YES;
				CLANG_WARN_OBJC_ROOT_CLASS = YES_ERROR;
				CLANG_WARN_RANGE_LOOP_ANALYSIS = YES;
				CLANG_WARN_STRICT_PROTOTYPES = YES;
				CLANG_WARN_SUSPICIOUS_MOVE = YES;
				CLANG_WARN_UNGUARDED_AVAILABILITY = YES_AGGRESSIVE;
				CLANG_WARN_UNREACHABLE_CODE = YES;
				CLANG_WARN__DUPLICATE_METHOD_MATCH = YES;
				CODE_SIGN_IDENTITY = "iPhone Developer";
				COPY_PHASE_STRIP = NO;
				DEBUG_INFORMATION_FORMAT = "dwarf-with-dsym";
				ENABLE_NS_ASSERTIONS = NO;
				ENABLE_STRICT_OBJC_MSGSEND = YES;
				GCC_C_LANGUAGE_STANDARD = gnu11;
				GCC_NO_COMMON_BLOCKS = YES;
				GCC_WARN_64_TO_32_BIT_CONVERSION = YES;
				GCC_WARN_ABOUT_RETURN_TYPE = YES_ERROR;
				GCC_WARN_UNDECLARED_SELECTOR = YES;
				GCC_WARN_UNINITIALIZED_AUTOS = YES_AGGRESSIVE;
				GCC_WARN_UNUSED_FUNCTION = YES;
				GCC_WARN_UNUSED_VARIABLE = YES;
				IPHONEOS_DEPLOYMENT_TARGET = 12.1;
				MTL_ENABLE_DEBUG_INFO = NO;
				MTL_FAST_MATH = YES;
				SDKROOT = iphoneos;
				SWIFT_COMPILATION_MODE = wholemodule;
				SWIFT_OPTIMIZATION_LEVEL = "-O";
				VALIDATE_PRODUCT = YES;
			};
			name = Release;
		};
		AFE9CDEB2197C85700E20FA1 /* Debug */ = {
			isa = XCBuildConfiguration;
			buildSettings = {
				ASSETCATALOG_COMPILER_APPICON_NAME = AppIcon;
				CODE_SIGN_STYLE = Automatic;
				DEVELOPMENT_TEAM = 65K9Z22MX7;
				INFOPLIST_FILE = HelloVision/Info.plist;
				LD_RUNPATH_SEARCH_PATHS = (
					"$(inherited)",
					"@executable_path/Frameworks",
				);
				PRODUCT_BUNDLE_IDENTIFIER = tw.ntub.HelloVision;
				PRODUCT_NAME = "$(TARGET_NAME)";
				SWIFT_VERSION = 4.2;
				TARGETED_DEVICE_FAMILY = "1,2";
			};
			name = Debug;
		};
		AFE9CDEC2197C85700E20FA1 /* Release */ = {
			isa = XCBuildConfiguration;
			buildSettings = {
				ASSETCATALOG_COMPILER_APPICON_NAME = AppIcon;
				CODE_SIGN_STYLE = Automatic;
				DEVELOPMENT_TEAM = 65K9Z22MX7;
				INFOPLIST_FILE = HelloVision/Info.plist;
				LD_RUNPATH_SEARCH_PATHS = (
					"$(inherited)",
					"@executable_path/Frameworks",
				);
				PRODUCT_BUNDLE_IDENTIFIER = tw.ntub.HelloVision;
				PRODUCT_NAME = "$(TARGET_NAME)";
				SWIFT_VERSION = 4.2;
				TARGETED_DEVICE_FAMILY = "1,2";
			};
			name = Release;
		};
/* End XCBuildConfiguration section */

/* Begin XCConfigurationList section */
		AFE9CDD32197C85700E20FA1 /* Build configuration list for PBXProject "HelloVision" */ = {
			isa = XCConfigurationList;
			buildConfigurations = (
				AFE9CDE82197C85700E20FA1 /* Debug */,
				AFE9CDE92197C85700E20FA1 /* Release */,
			);
			defaultConfigurationIsVisible = 0;
			defaultConfigurationName = Release;
		};
		AFE9CDEA2197C85700E20FA1 /* Build configuration list for PBXNativeTarget "HelloVision" */ = {
			isa = XCConfigurationList;
			buildConfigurations = (
				AFE9CDEB2197C85700E20FA1 /* Debug */,
				AFE9CDEC2197C85700E20FA1 /* Release */,
			);
			defaultConfigurationIsVisible = 0;
			defaultConfigurationName = Release;
		};
/* End XCConfigurationList section */
	};
	rootObject = AFE9CDD02197C85700E20FA1 /* Project object */;
}
