// !$*UTF8*$!
{
	archiveVersion = 1;
	classes = {
	};
	objectVersion = 50;
	objects = {

/* Begin PBXBuildFile section */
		AFE9CDB42196AC9A00E20FA1 /* AppDelegate.swift in Sources */ = {isa = PBXBuildFile; fileRef = AFE9CDB32196AC9A00E20FA1 /* AppDelegate.swift */; };
		AFE9CDB62196AC9A00E20FA1 /* ViewController.swift in Sources */ = {isa = PBXBuildFile; fileRef = AFE9CDB52196AC9A00E20FA1 /* ViewController.swift */; };
		AFE9CDB92196AC9A00E20FA1 /* Main.storyboard in Resources */ = {isa = PBXBuildFile; fileRef = AFE9CDB72196AC9A00E20FA1 /* Main.storyboard */; };
		AFE9CDBB2196AC9C00E20FA1 /* Assets.xcassets in Resources */ = {isa = PBXBuildFile; fileRef = AFE9CDBA2196AC9C00E20FA1 /* Assets.xcassets */; };
		AFE9CDBE2196AC9C00E20FA1 /* LaunchScreen.storyboard in Resources */ = {isa = PBXBuildFile; fileRef = AFE9CDBC2196AC9C00E20FA1 /* LaunchScreen.storyboard */; };
		AFE9CDC62196AD9700E20FA1 /* MyHandWriteV1.mlmodel in Sources */ = {isa = PBXBuildFile; fileRef = AFE9CDC52196AD9700E20FA1 /* MyHandWriteV1.mlmodel */; };
		AFE9CDC92196AF2900E20FA1 /* DrawableView.swift in Sources */ = {isa = PBXBuildFile; fileRef = AFE9CDC72196AF2800E20FA1 /* DrawableView.swift */; };
		AFE9CDCA2196AF2900E20FA1 /* UIImage+PixelBuffer.swift in Sources */ = {isa = PBXBuildFile; fileRef = AFE9CDC82196AF2800E20FA1 /* UIImage+PixelBuffer.swift */; };
		AFE9CDCC2196AF7800E20FA1 /* MNIST.mlmodel in Sources */ = {isa = PBXBuildFile; fileRef = AFE9CDCB2196AF7800E20FA1 /* MNIST.mlmodel */; };
		AFE9CDCE2196BE2500E20FA1 /* UIColor+Ex.swift in Sources */ = {isa = PBXBuildFile; fileRef = AFE9CDCD2196BE2500E20FA1 /* UIColor+Ex.swift */; };
/* End PBXBuildFile section */

/* Begin PBXFileReference section */
		AFE9CDB02196AC9A00E20FA1 /* HelloHandWritting.app */ = {isa = PBXFileReference; explicitFileType = wrapper.application; includeInIndex = 0; path = HelloHandWritting.app; sourceTree = BUILT_PRODUCTS_DIR; };
		AFE9CDB32196AC9A00E20FA1 /* AppDelegate.swift */ = {isa = PBXFileReference; lastKnownFileType = sourcecode.swift; path = AppDelegate.swift; sourceTree = "<group>"; };
		AFE9CDB52196AC9A00E20FA1 /* ViewController.swift */ = {isa = PBXFileReference; lastKnownFileType = sourcecode.swift; path = ViewController.swift; sourceTree = "<group>"; };
		AFE9CDB82196AC9A00E20FA1 /* Base */ = {isa = PBXFileReference; lastKnownFileType = file.storyboard; name = Base; path = Base.lproj/Main.storyboard; sourceTree = "<group>"; };
		AFE9CDBA2196AC9C00E20FA1 /* Assets.xcassets */ = {isa = PBXFileReference; lastKnownFileType = folder.assetcatalog; path = Assets.xcassets; sourceTree = "<group>"; };
		AFE9CDBD2196AC9C00E20FA1 /* Base */ = {isa = PBXFileReference; lastKnownFileType = file.storyboard; name = Base; path = Base.lproj/LaunchScreen.storyboard; sourceTree = "<group>"; };
		AFE9CDBF2196AC9C00E20FA1 /* Info.plist */ = {isa = PBXFileReference; lastKnownFileType = text.plist.xml; path = Info.plist; sourceTree = "<group>"; };
		AFE9CDC52196AD9700E20FA1 /* MyHandWriteV1.mlmodel */ = {isa = PBXFileReference; lastKnownFileType = file.mlmodel; name = MyHandWriteV1.mlmodel; path = ../../model_output/MyHandWriteV1.mlmodel; sourceTree = "<group>"; };
		AFE9CDC72196AF2800E20FA1 /* DrawableView.swift */ = {isa = PBXFileReference; fileEncoding = 4; lastKnownFileType = sourcecode.swift; path = DrawableView.swift; sourceTree = "<group>"; };
		AFE9CDC82196AF2800E20FA1 /* UIImage+PixelBuffer.swift */ = {isa = PBXFileReference; fileEncoding = 4; lastKnownFileType = sourcecode.swift; path = "UIImage+PixelBuffer.swift"; sourceTree = "<group>"; };
		AFE9CDCB2196AF7800E20FA1 /* MNIST.mlmodel */ = {isa = PBXFileReference; lastKnownFileType = file.mlmodel; path = MNIST.mlmodel; sourceTree = "<group>"; };
		AFE9CDCD2196BE2500E20FA1 /* UIColor+Ex.swift */ = {isa = PBXFileReference; lastKnownFileType = sourcecode.swift; path = "UIColor+Ex.swift"; sourceTree = "<group>"; };
/* End PBXFileReference section */

/* Begin PBXFrameworksBuildPhase section */
		AFE9CDAD2196AC9A00E20FA1 /* Frameworks */ = {
			isa = PBXFrameworksBuildPhase;
			buildActionMask = 2147483647;
			files = (
			);
			runOnlyForDeploymentPostprocessing = 0;
		};
/* End PBXFrameworksBuildPhase section */

/* Begin PBXGroup section */
		AFE9CDA72196AC9A00E20FA1 = {
			isa = PBXGroup;
			children = (
				AFE9CDB22196AC9A00E20FA1 /* HelloHandWritting */,
				AFE9CDB12196AC9A00E20FA1 /* Products */,
			);
			sourceTree = "<group>";
		};
		AFE9CDB12196AC9A00E20FA1 /* Products */ = {
			isa = PBXGroup;
			children = (
				AFE9CDB02196AC9A00E20FA1 /* HelloHandWritting.app */,
			);
			name = Products;
			sourceTree = "<group>";
		};
		AFE9CDB22196AC9A00E20FA1 /* HelloHandWritting */ = {
			isa = PBXGroup;
			children = (
				AFE9CDCB2196AF7800E20FA1 /* MNIST.mlmodel */,
				AFE9CDC72196AF2800E20FA1 /* DrawableView.swift */,
				AFE9CDC82196AF2800E20FA1 /* UIImage+PixelBuffer.swift */,
				AFE9CDC52196AD9700E20FA1 /* MyHandWriteV1.mlmodel */,
				AFE9CDB32196AC9A00E20FA1 /* AppDelegate.swift */,
				AFE9CDB52196AC9A00E20FA1 /* ViewController.swift */,
				AFE9CDB72196AC9A00E20FA1 /* Main.storyboard */,
				AFE9CDBA2196AC9C00E20FA1 /* Assets.xcassets */,
				AFE9CDBC2196AC9C00E20FA1 /* LaunchScreen.storyboard */,
				AFE9CDBF2196AC9C00E20FA1 /* Info.plist */,
				AFE9CDCD2196BE2500E20FA1 /* UIColor+Ex.swift */,
			);
			path = HelloHandWritting;
			sourceTree = "<group>";
		};
/* End PBXGroup section */

/* Begin PBXNativeTarget section */
		AFE9CDAF2196AC9A00E20FA1 /* HelloHandWritting */ = {
			isa = PBXNativeTarget;
			buildConfigurationList = AFE9CDC22196AC9C00E20FA1 /* Build configuration list for PBXNativeTarget "HelloHandWritting" */;
			buildPhases = (
				AFE9CDAC2196AC9A00E20FA1 /* Sources */,
				AFE9CDAD2196AC9A00E20FA1 /* Frameworks */,
				AFE9CDAE2196AC9A00E20FA1 /* Resources */,
			);
			buildRules = (
			);
			dependencies = (
			);
			name = HelloHandWritting;
			productName = HelloHandWritting;
			productReference = AFE9CDB02196AC9A00E20FA1 /* HelloHandWritting.app */;
			productType = "com.apple.product-type.application";
		};
/* End PBXNativeTarget section */

/* Begin PBXProject section */
		AFE9CDA82196AC9A00E20FA1 /* Project object */ = {
			isa = PBXProject;
			attributes = {
				LastSwiftUpdateCheck = 1010;
				LastUpgradeCheck = 1010;
				ORGANIZATIONNAME = ml;
				TargetAttributes = {
					AFE9CDAF2196AC9A00E20FA1 = {
						CreatedOnToolsVersion = 10.1;
					};
				};
			};
			buildConfigurationList = AFE9CDAB2196AC9A00E20FA1 /* Build configuration list for PBXProject "HelloHandWritting" */;
			compatibilityVersion = "Xcode 9.3";
			developmentRegion = en;
			hasScannedForEncodings = 0;
			knownRegions = (
				en,
				Base,
			);
			mainGroup = AFE9CDA72196AC9A00E20FA1;
			productRefGroup = AFE9CDB12196AC9A00E20FA1 /* Products */;
			projectDirPath = "";
			projectRoot = "";
			targets = (
				AFE9CDAF2196AC9A00E20FA1 /* HelloHandWritting */,
			);
		};
/* End PBXProject section */

/* Begin PBXResourcesBuildPhase section */
		AFE9CDAE2196AC9A00E20FA1 /* Resources */ = {
			isa = PBXResourcesBuildPhase;
			buildActionMask = 2147483647;
			files = (
				AFE9CDBE2196AC9C00E20FA1 /* LaunchScreen.storyboard in Resources */,
				AFE9CDBB2196AC9C00E20FA1 /* Assets.xcassets in Resources */,
				AFE9CDB92196AC9A00E20FA1 /* Main.storyboard in Resources */,
			);
			runOnlyForDeploymentPostprocessing = 0;
		};
/* End PBXResourcesBuildPhase section */

/* Begin PBXSourcesBuildPhase section */
		AFE9CDAC2196AC9A00E20FA1 /* Sources */ = {
			isa = PBXSourcesBuildPhase;
			buildActionMask = 2147483647;
			files = (
				AFE9CDCC2196AF7800E20FA1 /* MNIST.mlmodel in Sources */,
				AFE9CDB62196AC9A00E20FA1 /* ViewController.swift in Sources */,
				AFE9CDCE2196BE2500E20FA1 /* UIColor+Ex.swift in Sources */,
				AFE9CDC62196AD9700E20FA1 /* MyHandWriteV1.mlmodel in Sources */,
				AFE9CDCA2196AF2900E20FA1 /* UIImage+PixelBuffer.swift in Sources */,
				AFE9CDC92196AF2900E20FA1 /* DrawableView.swift in Sources */,
				AFE9CDB42196AC9A00E20FA1 /* AppDelegate.swift in Sources */,
			);
			runOnlyForDeploymentPostprocessing = 0;
		};
/* End PBXSourcesBuildPhase section */

/* Begin PBXVariantGroup section */
		AFE9CDB72196AC9A00E20FA1 /* Main.storyboard */ = {
			isa = PBXVariantGroup;
			children = (
				AFE9CDB82196AC9A00E20FA1 /* Base */,
			);
			name = Main.storyboard;
			sourceTree = "<group>";
		};
		AFE9CDBC2196AC9C00E20FA1 /* LaunchScreen.storyboard */ = {
			isa = PBXVariantGroup;
			children = (
				AFE9CDBD2196AC9C00E20FA1 /* Base */,
			);
			name = LaunchScreen.storyboard;
			sourceTree = "<group>";
		};
/* End PBXVariantGroup section */

/* Begin XCBuildConfiguration section */
		AFE9CDC02196AC9C00E20FA1 /* Debug */ = {
			isa = XCBuildConfiguration;
			buildSettings = {
				ALWAYS_SEARCH_USER_PATHS = NO;
				CLANG_ANALYZER_NONNULL = YES;
				CLANG_ANALYZER_NUMBER_OBJECT_CONVERSION = YES_AGGRESSIVE;
				CLANG_CXX_LANGUAGE_STANDARD = "gnu++14";
				CLANG_CXX_LIBRARY = "libc++";
				CLANG_ENABLE_MODULES = YES;
				CLANG_ENABLE_OBJC_ARC = YES;
				CLANG_ENABLE_OBJC_WEAK = YES;
				CLANG_WARN_BLOCK_CAPTURE_AUTORELEASING = YES;
				CLANG_WARN_BOOL_CONVERSION = YES;
				CLANG_WARN_COMMA = YES;
				CLANG_WARN_CONSTANT_CONVERSION = YES;
				CLANG_WARN_DEPRECATED_OBJC_IMPLEMENTATIONS = YES;
				CLANG_WARN_DIRECT_OBJC_ISA_USAGE = YES_ERROR;
				CLANG_WARN_DOCUMENTATION_COMMENTS = YES;
				CLANG_WARN_EMPTY_BODY = YES;
				CLANG_WARN_ENUM_CONVERSION = YES;
				CLANG_WARN_INFINITE_RECURSION = YES;
				CLANG_WARN_INT_CONVERSION = YES;
				CLANG_WARN_NON_LITERAL_NULL_CONVERSION = YES;
				CLANG_WARN_OBJC_IMPLICIT_RETAIN_SELF = YES;
				CLANG_WARN_OBJC_LITERAL_CONVERSION = YES;
				CLANG_WARN_OBJC_ROOT_CLASS = YES_ERROR;
				CLANG_WARN_RANGE_LOOP_ANALYSIS = YES;
				CLANG_WARN_STRICT_PROTOTYPES = YES;
				CLANG_WARN_SUSPICIOUS_MOVE = YES;
				CLANG_WARN_UNGUARDED_AVAILABILITY = YES_AGGRESSIVE;
				CLANG_WARN_UNREACHABLE_CODE = YES;
				CLANG_WARN__DUPLICATE_METHOD_MATCH = YES;
				CODE_SIGN_IDENTITY = "iPhone Developer";
				COPY_PHASE_STRIP = NO;
				DEBUG_INFORMATION_FORMAT = dwarf;
				ENABLE_STRICT_OBJC_MSGSEND = YES;
				ENABLE_TESTABILITY = YES;
				GCC_C_LANGUAGE_STANDARD = gnu11;
				GCC_DYNAMIC_NO_PIC = NO;
				GCC_NO_COMMON_BLOCKS = YES;
				GCC_OPTIMIZATION_LEVEL = 0;
				GCC_PREPROCESSOR_DEFINITIONS = (
					"DEBUG=1",
					"$(inherited)",
				);
				GCC_WARN_64_TO_32_BIT_CONVERSION = YES;
				GCC_WARN_ABOUT_RETURN_TYPE = YES_ERROR;
				GCC_WARN_UNDECLARED_SELECTOR = YES;
				GCC_WARN_UNINITIALIZED_AUTOS = YES_AGGRESSIVE;
				GCC_WARN_UNUSED_FUNCTION = YES;
				GCC_WARN_UNUSED_VARIABLE = YES;
				IPHONEOS_DEPLOYMENT_TARGET = 12.1;
				MTL_ENABLE_DEBUG_INFO = INCLUDE_SOURCE;
				MTL_FAST_MATH = YES;
				ONLY_ACTIVE_ARCH = YES;
				SDKROOT = iphoneos;
				SWIFT_ACTIVE_COMPILATION_CONDITIONS = DEBUG;
				SWIFT_OPTIMIZATION_LEVEL = "-Onone";
			};
			name = Debug;
		};
		AFE9CDC12196AC9C00E20FA1 /* Release */ = {
			isa = XCBuildConfiguration;
			buildSettings = {
				ALWAYS_SEARCH_USER_PATHS = NO;
				CLANG_ANALYZER_NONNULL = YES;
				CLANG_ANALYZER_NUMBER_OBJECT_CONVERSION = YES_AGGRESSIVE;
				CLANG_CXX_LANGUAGE_STANDARD = "gnu++14";
				CLANG_CXX_LIBRARY = "libc++";
				CLANG_ENABLE_MODULES = YES;
				CLANG_ENABLE_OBJC_ARC = YES;
				CLANG_ENABLE_OBJC_WEAK = YES;
				CLANG_WARN_BLOCK_CAPTURE_AUTORELEASING = YES;
				CLANG_WARN_BOOL_CONVERSION = YES;
				CLANG_WARN_COMMA = YES;
				CLANG_WARN_CONSTANT_CONVERSION = YES;
				CLANG_WARN_DEPRECATED_OBJC_IMPLEMENTATIONS = YES;
				CLANG_WARN_DIRECT_OBJC_ISA_USAGE = YES_ERROR;
				CLANG_WARN_DOCUMENTATION_COMMENTS = YES;
				CLANG_WARN_EMPTY_BODY = YES;
				CLANG_WARN_ENUM_CONVERSION = YES;
				CLANG_WARN_INFINITE_RECURSION = YES;
				CLANG_WARN_INT_CONVERSION = YES;
				CLANG_WARN_NON_LITERAL_NULL_CONVERSION = YES;
				CLANG_WARN_OBJC_IMPLICIT_RETAIN_SELF = YES;
				CLANG_WARN_OBJC_LITERAL_CONVERSION = YES;
				CLANG_WARN_OBJC_ROOT_CLASS = YES_ERROR;
				CLANG_WARN_RANGE_LOOP_ANALYSIS = YES;
				CLANG_WARN_STRICT_PROTOTYPES = YES;
				CLANG_WARN_SUSPICIOUS_MOVE = YES;
				CLANG_WARN_UNGUARDED_AVAILABILITY = YES_AGGRESSIVE;
				CLANG_WARN_UNREACHABLE_CODE = YES;
				CLANG_WARN__DUPLICATE_METHOD_MATCH = YES;
				CODE_SIGN_IDENTITY = "iPhone Developer";
				COPY_PHASE_STRIP = NO;
				DEBUG_INFORMATION_FORMAT = "dwarf-with-dsym";
				ENABLE_NS_ASSERTIONS = NO;
				ENABLE_STRICT_OBJC_MSGSEND = YES;
				GCC_C_LANGUAGE_STANDARD = gnu11;
				GCC_NO_COMMON_BLOCKS = YES;
				GCC_WARN_64_TO_32_BIT_CONVERSION = YES;
				GCC_WARN_ABOUT_RETURN_TYPE = YES_ERROR;
				GCC_WARN_UNDECLARED_SELECTOR = YES;
				GCC_WARN_UNINITIALIZED_AUTOS = YES_AGGRESSIVE;
				GCC_WARN_UNUSED_FUNCTION = YES;
				GCC_WARN_UNUSED_VARIABLE = YES;
				IPHONEOS_DEPLOYMENT_TARGET = 12.1;
				MTL_ENABLE_DEBUG_INFO = NO;
				MTL_FAST_MATH = YES;
				SDKROOT = iphoneos;
				SWIFT_COMPILATION_MODE = wholemodule;
				SWIFT_OPTIMIZATION_LEVEL = "-O";
				VALIDATE_PRODUCT = YES;
			};
			name = Release;
		};
		AFE9CDC32196AC9C00E20FA1 /* Debug */ = {
			isa = XCBuildConfiguration;
			buildSettings = {
				ASSETCATALOG_COMPILER_APPICON_NAME = AppIcon;
				CODE_SIGN_STYLE = Automatic;
				DEVELOPMENT_TEAM = 65K9Z22MX7;
				INFOPLIST_FILE = HelloHandWritting/Info.plist;
				LD_RUNPATH_SEARCH_PATHS = (
					"$(inherited)",
					"@executable_path/Frameworks",
				);
				PRODUCT_BUNDLE_IDENTIFIER = tw.ntub.HelloHandWritting;
				PRODUCT_NAME = "$(TARGET_NAME)";
				SWIFT_VERSION = 4.2;
				TARGETED_DEVICE_FAMILY = "1,2";
			};
			name = Debug;
		};
		AFE9CDC42196AC9C00E20FA1 /* Release */ = {
			isa = XCBuildConfiguration;
			buildSettings = {
				ASSETCATALOG_COMPILER_APPICON_NAME = AppIcon;
				CODE_SIGN_STYLE = Automatic;
				DEVELOPMENT_TEAM = 65K9Z22MX7;
				INFOPLIST_FILE = HelloHandWritting/Info.plist;
				LD_RUNPATH_SEARCH_PATHS = (
					"$(inherited)",
					"@executable_path/Frameworks",
				);
				PRODUCT_BUNDLE_IDENTIFIER = tw.ntub.HelloHandWritting;
				PRODUCT_NAME = "$(TARGET_NAME)";
				SWIFT_VERSION = 4.2;
				TARGETED_DEVICE_FAMILY = "1,2";
			};
			name = Release;
		};
/* End XCBuildConfiguration section */

/* Begin XCConfigurationList section */
		AFE9CDAB2196AC9A00E20FA1 /* Build configuration list for PBXProject "HelloHandWritting" */ = {
			isa = XCConfigurationList;
			buildConfigurations = (
				AFE9CDC02196AC9C00E20FA1 /* Debug */,
				AFE9CDC12196AC9C00E20FA1 /* Release */,
			);
			defaultConfigurationIsVisible = 0;
			defaultConfigurationName = Release;
		};
		AFE9CDC22196AC9C00E20FA1 /* Build configuration list for PBXNativeTarget "HelloHandWritting" */ = {
			isa = XCConfigurationList;
			buildConfigurations = (
				AFE9CDC32196AC9C00E20FA1 /* Debug */,
				AFE9CDC42196AC9C00E20FA1 /* Release */,
			);
			defaultConfigurationIsVisible = 0;
			defaultConfigurationName = Release;
		};
/* End XCConfigurationList section */
	};
	rootObject = AFE9CDA82196AC9A00E20FA1 /* Project object */;
}
